Microsoft Visual Studio Solution File, Format Version 12.00
# Visual Studio 2012
Project("{FAE04EC0-301F-11D3-BF4B-00C04F79EFBC}") = "car-game", "car-game.csproj", "{CF451BF5-648A-49D9-BE59-4B85F64A4988}"
EndProject
Global
	GlobalSection(SolutionConfigurationPlatforms) = preSolution
	Debug|Any CPU = Debug|Any CPU
	ExportDebug|Any CPU = ExportDebug|Any CPU
	ExportRelease|Any CPU = ExportRelease|Any CPU
	EndGlobalSection
	GlobalSection(ProjectConfigurationPlatforms) = postSolution
		{CF451BF5-648A-49D9-BE59-4B85F64A4988}.Debug|Any CPU.ActiveCfg = Debug|Any CPU
		{CF451BF5-648A-49D9-BE59-4B85F64A4988}.Debug|Any CPU.Build.0 = Debug|Any CPU
		{CF451BF5-648A-49D9-BE59-4B85F64A4988}.ExportDebug|Any CPU.ActiveCfg = ExportDebug|Any CPU
		{CF451BF5-648A-49D9-BE59-4B85F64A4988}.ExportDebug|Any CPU.Build.0 = ExportDebug|Any CPU
		{CF451BF5-648A-49D9-BE59-4B85F64A4988}.ExportRelease|Any CPU.ActiveCfg = ExportRelease|Any CPU
		{CF451BF5-648A-49D9-BE59-4B85F64A4988}.ExportRelease|Any CPU.Build.0 = ExportRelease|Any CPU
	EndGlobalSection
EndGlobal
